# THIS IS AN AUTOGENERATED FILE. DO NOT EDIT THIS FILE DIRECTLY.
# yarn lockfile v1
bootstrap:
  version "3.3.7"
  resolved "https://registry.yarnpkg.com/bootstrap/-/bootstrap-3.3.7.tgz#5a389394549f23330875a3b150656574f8a9eb71"

vue:
  version "2.1.7"
  resolved "https://registry.yarnpkg.com/vue/-/vue-2.1.7.tgz#747880cb70a50c66cb8791aacfee7a6dab7fc842"

